
Microsoft Visual Studio Solution File, Format Version 12.00
# Visual Studio 2017
Project("{FAE04EC0-301F-11D3-BF4B-00C04F79EFBC}") = "Timeory", "Timeory.csproj", "{174AF6CA-5D76-F985-E713-3F4DF7BC967F}"
EndProject
Project("{FAE04EC0-301F-11D3-BF4B-00C04F79EFBC}") = "Timeory.Editor", "Timeory.Editor.csproj", "{9E1FB8FB-0175-E4FB-24F7-2F52F6F46D2C}"
EndProject
Global
	GlobalSection(SolutionConfigurationPlatforms) = preSolution
		Debug|Any CPU = Debug|Any CPU
		Release|Any CPU = Release|Any CPU
	EndGlobalSection
	GlobalSection(ProjectConfigurationPlatforms) = postSolution
		{174AF6CA-5D76-F985-E713-3F4DF7BC967F}.Debug|Any CPU.ActiveCfg = Debug|Any CPU
		{174AF6CA-5D76-F985-E713-3F4DF7BC967F}.Debug|Any CPU.Build.0 = Debug|Any CPU
		{174AF6CA-5D76-F985-E713-3F4DF7BC967F}.Release|Any CPU.ActiveCfg = Release|Any CPU
		{174AF6CA-5D76-F985-E713-3F4DF7BC967F}.Release|Any CPU.Build.0 = Release|Any CPU
		{9E1FB8FB-0175-E4FB-24F7-2F52F6F46D2C}.Debug|Any CPU.ActiveCfg = Debug|Any CPU
		{9E1FB8FB-0175-E4FB-24F7-2F52F6F46D2C}.Debug|Any CPU.Build.0 = Debug|Any CPU
		{9E1FB8FB-0175-E4FB-24F7-2F52F6F46D2C}.Release|Any CPU.ActiveCfg = Release|Any CPU
		{9E1FB8FB-0175-E4FB-24F7-2F52F6F46D2C}.Release|Any CPU.Build.0 = Release|Any CPU
	EndGlobalSection
	GlobalSection(SolutionProperties) = preSolution
		HideSolutionNode = FALSE
	EndGlobalSection
EndGlobal
