
Microsoft Visual Studio Solution File, Format Version 11.00
# Visual Studio 2010
Project("{FAE04EC0-301F-11D3-BF4B-00C04F79EFBC}") = "Timeory", "Assembly-CSharp.csproj", "{8ADBA836-6CB1-946C-6B04-23B1C60C7DF3}"
EndProject
Project("{FAE04EC0-301F-11D3-BF4B-00C04F79EFBC}") = "Timeory", "Assembly-CSharp-Editor.csproj", "{DA8CB2C6-B791-FA4C-72B0-C9C8643BCA63}"
EndProject
Global
	GlobalSection(SolutionConfigurationPlatforms) = preSolution
		Debug|Any CPU = Debug|Any CPU
		Release|Any CPU = Release|Any CPU
	EndGlobalSection
	GlobalSection(ProjectConfigurationPlatforms) = postSolution
		{8ADBA836-6CB1-946C-6B04-23B1C60C7DF3}.Debug|Any CPU.ActiveCfg = Debug|Any CPU
		{8ADBA836-6CB1-946C-6B04-23B1C60C7DF3}.Debug|Any CPU.Build.0 = Debug|Any CPU
		{8ADBA836-6CB1-946C-6B04-23B1C60C7DF3}.Release|Any CPU.ActiveCfg = Release|Any CPU
		{8ADBA836-6CB1-946C-6B04-23B1C60C7DF3}.Release|Any CPU.Build.0 = Release|Any CPU
		{DA8CB2C6-B791-FA4C-72B0-C9C8643BCA63}.Debug|Any CPU.ActiveCfg = Debug|Any CPU
		{DA8CB2C6-B791-FA4C-72B0-C9C8643BCA63}.Debug|Any CPU.Build.0 = Debug|Any CPU
		{DA8CB2C6-B791-FA4C-72B0-C9C8643BCA63}.Release|Any CPU.ActiveCfg = Release|Any CPU
		{DA8CB2C6-B791-FA4C-72B0-C9C8643BCA63}.Release|Any CPU.Build.0 = Release|Any CPU
	EndGlobalSection
	GlobalSection(SolutionProperties) = preSolution
		HideSolutionNode = FALSE
	EndGlobalSection
	GlobalSection(MonoDevelopProperties) = preSolution
		StartupItem = Assembly-CSharp.csproj
	EndGlobalSection
EndGlobal
